PODS:
  - ReachabilitySwift (5.0.0)

DEPENDENCIES:
  - ReachabilitySwift

SPEC REPOS:
  https://github.com/CocoaPods/Specs.git:
    - ReachabilitySwift

SPEC CHECKSUMS:
  ReachabilitySwift: 985039c6f7b23a1da463388634119492ff86c825

PODFILE CHECKSUM: 831ac2dd9ab4558959f086a60ab464c7c43ff59a

COCOAPODS: 1.9.3
